{
  "requires": true,
  "lockfileVersion": 1,
  "dependencies": {
    "dayjs": {
      "version": "1.8.25",
      "resolved": "https://registry.npmjs.org/dayjs/-/dayjs-1.8.25.tgz",
      "integrity": "sha512-Pk36juDfQQGDCgr0Lqd1kw15w3OS6xt21JaLPE3lCfsEf8KrERGwDNwvK1tRjrjqFC0uZBJncT4smZQ4F+uV5g=="
    }
  }
}
